
Microsoft Visual Studio Solution File, Format Version 12.00
# Visual Studio 14
VisualStudioVersion = 14.0.25123.0
MinimumVisualStudioVersion = 10.0.40219.1
Project("{FAE04EC0-301F-11D3-BF4B-00C04F79EFBC}") = "AlphaGirlProto", "AlphaGirlProto.csproj", "{BE2A355D-29F0-47D6-BF6A-B34A2FE024CA}"
EndProject
Global
	GlobalSection(SolutionConfigurationPlatforms) = preSolution
		Debug|Any CPU = Debug|Any CPU
		Release|Any CPU = Release|Any CPU
	EndGlobalSection
	GlobalSection(ProjectConfigurationPlatforms) = postSolution
		{BE2A355D-29F0-47D6-BF6A-B34A2FE024CA}.Debug|Any CPU.ActiveCfg = Debug|Any CPU
		{BE2A355D-29F0-47D6-BF6A-B34A2FE024CA}.Debug|Any CPU.Build.0 = Debug|Any CPU
		{BE2A355D-29F0-47D6-BF6A-B34A2FE024CA}.Release|Any CPU.ActiveCfg = Release|Any CPU
		{BE2A355D-29F0-47D6-BF6A-B34A2FE024CA}.Release|Any CPU.Build.0 = Release|Any CPU
	EndGlobalSection
	GlobalSection(SolutionProperties) = preSolution
		HideSolutionNode = FALSE
	EndGlobalSection
EndGlobal
